
Microsoft Visual Studio Solution File, Format Version 12.00
# Visual Studio Version 17
VisualStudioVersion = 17.9.34714.143
MinimumVisualStudioVersion = 10.0.40219.1
Project("{2150E333-8FDC-42A3-9474-1A3956D46DE8}") = "src", "src", "{0EB12E37-D210-45CE-BC51-A43A4EB7332E}"
EndProject
Project("{2150E333-8FDC-42A3-9474-1A3956D46DE8}") = "test", "test", "{C3842953-AB9D-4E70-926E-B4983E73147F}"
EndProject
Project("{2150E333-8FDC-42A3-9474-1A3956D46DE8}") = "gateway", "gateway", "{ABBD7437-5C5A-4010-ADD3-33655D4BABFB}"
EndProject
Project("{2150E333-8FDC-42A3-9474-1A3956D46DE8}") = "host", "host", "{BE94D246-9C8B-41DB-8369-E0C678E49E4B}"
EndProject
Project("{2150E333-8FDC-42A3-9474-1A3956D46DE8}") = "service", "service", "{B40BB5C7-5B62-4470-AE3D-53FF59D6A2F5}"
EndProject
Project("{2150E333-8FDC-42A3-9474-1A3956D46DE8}") = "proxy", "proxy", "{AB9EA16E-44AA-494C-A41E-89E5F465FEEE}"
EndProject
Project("{9A19103F-16F7-4668-BE54-9A1E7A4F7556}") = "Iben.PEMR.Api.Utils", "src\Iben.PEMR.Api.Utils\Iben.PEMR.Api.Utils.csproj", "{4879DB01-6487-4349-A03E-7C266A3A1D9E}"
EndProject
Project("{9A19103F-16F7-4668-BE54-9A1E7A4F7556}") = "Iben.PEMR.Api.Gateway", "src\gateway\Iben.PEMR.Api.Gateway\Iben.PEMR.Api.Gateway.csproj", "{DB2B7BA4-305A-4A01-ADBF-3115E461E7DA}"
EndProject
Project("{9A19103F-16F7-4668-BE54-9A1E7A4F7556}") = "Iben.PEMR.Api.Host", "src\host\Iben.PEMR.Api.Host\Iben.PEMR.Api.Host.csproj", "{5A510F8A-E1F0-4B62-8EB7-D109E4C40275}"
EndProject
Project("{9A19103F-16F7-4668-BE54-9A1E7A4F7556}") = "Iben.PEMR.Api.Domain", "src\domain\Iben.PEMR.Api.Domain\Iben.PEMR.Api.Domain.csproj", "{9E30EFB7-F70D-4813-B9A8-91D883B2E420}"
EndProject
Project("{9A19103F-16F7-4668-BE54-9A1E7A4F7556}") = "Iben.PEMR.Api.Service", "src\service\Iben.PEMR.Api.Service\Iben.PEMR.Api.Service.csproj", "{3E9A4EBE-E064-41C8-A3EF-532FB5B6AACF}"
EndProject
Project("{9A19103F-16F7-4668-BE54-9A1E7A4F7556}") = "Iben.PEMR.Api.Proxy.AWS", "src\proxy\Iben.PEMR.Api.Proxy.AWS\Iben.PEMR.Api.Proxy.AWS.csproj", "{E2F04D1A-D631-44CD-B4A5-941E6BC364C2}"
EndProject
Project("{9A19103F-16F7-4668-BE54-9A1E7A4F7556}") = "Iben.PEMR.Api.Service.Test", "test\Iben.PEMR.Api.Service.Test\Iben.PEMR.Api.Service.Test.csproj", "{62F5A5C7-2231-439A-8A21-AB1F4B16BA0F}"
EndProject
Project("{2150E333-8FDC-42A3-9474-1A3956D46DE8}") = "tool", "tool", "{345E94D4-B088-41F9-B93C-B7D50FE08CEA}"
EndProject
Project("{9A19103F-16F7-4668-BE54-9A1E7A4F7556}") = "Iben.PEMR.Api.Tool.ConsoleTool", "tool\Iben.PEMR.Api.Tool.ConsoleTool\Iben.PEMR.Api.Tool.ConsoleTool.csproj", "{378F9B4F-D8BE-44F7-8429-E2C3D5A287A0}"
EndProject
Project("{9A19103F-16F7-4668-BE54-9A1E7A4F7556}") = "Iben.PEMR.Api.Repository", "Iben.PEMR.Api.Repository\Iben.PEMR.Api.Repository.csproj", "{B36E2780-3272-40CE-94FB-F216C28E5A23}"
EndProject
Project("{2150E333-8FDC-42A3-9474-1A3956D46DE8}") = "library", "library", "{304C87F4-1436-4ED0-B77A-9EB7454D7E30}"
EndProject
Project("{FAE04EC0-301F-11D3-BF4B-00C04F79EFBC}") = "Iben.PEMR.Api.Log", "src\library\Iben.PEMR.Api.Log\Iben.PEMR.Api.Log.csproj", "{0839676C-CF4B-402A-B419-53460859B9FB}"
EndProject
Global
	GlobalSection(SolutionConfigurationPlatforms) = preSolution
		Debug|Any CPU = Debug|Any CPU
		Release|Any CPU = Release|Any CPU
	EndGlobalSection
	GlobalSection(ProjectConfigurationPlatforms) = postSolution
		{4879DB01-6487-4349-A03E-7C266A3A1D9E}.Debug|Any CPU.ActiveCfg = Debug|Any CPU
		{4879DB01-6487-4349-A03E-7C266A3A1D9E}.Debug|Any CPU.Build.0 = Debug|Any CPU
		{4879DB01-6487-4349-A03E-7C266A3A1D9E}.Release|Any CPU.ActiveCfg = Release|Any CPU
		{4879DB01-6487-4349-A03E-7C266A3A1D9E}.Release|Any CPU.Build.0 = Release|Any CPU
		{DB2B7BA4-305A-4A01-ADBF-3115E461E7DA}.Debug|Any CPU.ActiveCfg = Debug|Any CPU
		{DB2B7BA4-305A-4A01-ADBF-3115E461E7DA}.Debug|Any CPU.Build.0 = Debug|Any CPU
		{DB2B7BA4-305A-4A01-ADBF-3115E461E7DA}.Release|Any CPU.ActiveCfg = Release|Any CPU
		{DB2B7BA4-305A-4A01-ADBF-3115E461E7DA}.Release|Any CPU.Build.0 = Release|Any CPU
		{5A510F8A-E1F0-4B62-8EB7-D109E4C40275}.Debug|Any CPU.ActiveCfg = Debug|Any CPU
		{5A510F8A-E1F0-4B62-8EB7-D109E4C40275}.Debug|Any CPU.Build.0 = Debug|Any CPU
		{5A510F8A-E1F0-4B62-8EB7-D109E4C40275}.Release|Any CPU.ActiveCfg = Release|Any CPU
		{5A510F8A-E1F0-4B62-8EB7-D109E4C40275}.Release|Any CPU.Build.0 = Release|Any CPU
		{9E30EFB7-F70D-4813-B9A8-91D883B2E420}.Debug|Any CPU.ActiveCfg = Debug|Any CPU
		{9E30EFB7-F70D-4813-B9A8-91D883B2E420}.Debug|Any CPU.Build.0 = Debug|Any CPU
		{9E30EFB7-F70D-4813-B9A8-91D883B2E420}.Release|Any CPU.ActiveCfg = Release|Any CPU
		{9E30EFB7-F70D-4813-B9A8-91D883B2E420}.Release|Any CPU.Build.0 = Release|Any CPU
		{3E9A4EBE-E064-41C8-A3EF-532FB5B6AACF}.Debug|Any CPU.ActiveCfg = Debug|Any CPU
		{3E9A4EBE-E064-41C8-A3EF-532FB5B6AACF}.Debug|Any CPU.Build.0 = Debug|Any CPU
		{3E9A4EBE-E064-41C8-A3EF-532FB5B6AACF}.Release|Any CPU.ActiveCfg = Release|Any CPU
		{3E9A4EBE-E064-41C8-A3EF-532FB5B6AACF}.Release|Any CPU.Build.0 = Release|Any CPU
		{E2F04D1A-D631-44CD-B4A5-941E6BC364C2}.Debug|Any CPU.ActiveCfg = Debug|Any CPU
		{E2F04D1A-D631-44CD-B4A5-941E6BC364C2}.Debug|Any CPU.Build.0 = Debug|Any CPU
		{E2F04D1A-D631-44CD-B4A5-941E6BC364C2}.Release|Any CPU.ActiveCfg = Release|Any CPU
		{E2F04D1A-D631-44CD-B4A5-941E6BC364C2}.Release|Any CPU.Build.0 = Release|Any CPU
		{62F5A5C7-2231-439A-8A21-AB1F4B16BA0F}.Debug|Any CPU.ActiveCfg = Debug|Any CPU
		{62F5A5C7-2231-439A-8A21-AB1F4B16BA0F}.Debug|Any CPU.Build.0 = Debug|Any CPU
		{62F5A5C7-2231-439A-8A21-AB1F4B16BA0F}.Release|Any CPU.ActiveCfg = Release|Any CPU
		{62F5A5C7-2231-439A-8A21-AB1F4B16BA0F}.Release|Any CPU.Build.0 = Release|Any CPU
		{378F9B4F-D8BE-44F7-8429-E2C3D5A287A0}.Debug|Any CPU.ActiveCfg = Debug|Any CPU
		{378F9B4F-D8BE-44F7-8429-E2C3D5A287A0}.Debug|Any CPU.Build.0 = Debug|Any CPU
		{378F9B4F-D8BE-44F7-8429-E2C3D5A287A0}.Release|Any CPU.ActiveCfg = Release|Any CPU
		{378F9B4F-D8BE-44F7-8429-E2C3D5A287A0}.Release|Any CPU.Build.0 = Release|Any CPU
		{B36E2780-3272-40CE-94FB-F216C28E5A23}.Debug|Any CPU.ActiveCfg = Debug|Any CPU
		{B36E2780-3272-40CE-94FB-F216C28E5A23}.Debug|Any CPU.Build.0 = Debug|Any CPU
		{B36E2780-3272-40CE-94FB-F216C28E5A23}.Release|Any CPU.ActiveCfg = Release|Any CPU
		{B36E2780-3272-40CE-94FB-F216C28E5A23}.Release|Any CPU.Build.0 = Release|Any CPU
		{0839676C-CF4B-402A-B419-53460859B9FB}.Debug|Any CPU.ActiveCfg = Debug|Any CPU
		{0839676C-CF4B-402A-B419-53460859B9FB}.Debug|Any CPU.Build.0 = Debug|Any CPU
		{0839676C-CF4B-402A-B419-53460859B9FB}.Release|Any CPU.ActiveCfg = Release|Any CPU
		{0839676C-CF4B-402A-B419-53460859B9FB}.Release|Any CPU.Build.0 = Release|Any CPU
	EndGlobalSection
	GlobalSection(SolutionProperties) = preSolution
		HideSolutionNode = FALSE
	EndGlobalSection
	GlobalSection(NestedProjects) = preSolution
		{ABBD7437-5C5A-4010-ADD3-33655D4BABFB} = {0EB12E37-D210-45CE-BC51-A43A4EB7332E}
		{BE94D246-9C8B-41DB-8369-E0C678E49E4B} = {0EB12E37-D210-45CE-BC51-A43A4EB7332E}
		{B40BB5C7-5B62-4470-AE3D-53FF59D6A2F5} = {0EB12E37-D210-45CE-BC51-A43A4EB7332E}
		{AB9EA16E-44AA-494C-A41E-89E5F465FEEE} = {0EB12E37-D210-45CE-BC51-A43A4EB7332E}
		{4879DB01-6487-4349-A03E-7C266A3A1D9E} = {0EB12E37-D210-45CE-BC51-A43A4EB7332E}
		{DB2B7BA4-305A-4A01-ADBF-3115E461E7DA} = {ABBD7437-5C5A-4010-ADD3-33655D4BABFB}
		{5A510F8A-E1F0-4B62-8EB7-D109E4C40275} = {BE94D246-9C8B-41DB-8369-E0C678E49E4B}
		{9E30EFB7-F70D-4813-B9A8-91D883B2E420} = {B40BB5C7-5B62-4470-AE3D-53FF59D6A2F5}
		{3E9A4EBE-E064-41C8-A3EF-532FB5B6AACF} = {B40BB5C7-5B62-4470-AE3D-53FF59D6A2F5}
		{E2F04D1A-D631-44CD-B4A5-941E6BC364C2} = {AB9EA16E-44AA-494C-A41E-89E5F465FEEE}
		{62F5A5C7-2231-439A-8A21-AB1F4B16BA0F} = {C3842953-AB9D-4E70-926E-B4983E73147F}
		{378F9B4F-D8BE-44F7-8429-E2C3D5A287A0} = {345E94D4-B088-41F9-B93C-B7D50FE08CEA}
		{B36E2780-3272-40CE-94FB-F216C28E5A23} = {B40BB5C7-5B62-4470-AE3D-53FF59D6A2F5}
		{304C87F4-1436-4ED0-B77A-9EB7454D7E30} = {0EB12E37-D210-45CE-BC51-A43A4EB7332E}
		{0839676C-CF4B-402A-B419-53460859B9FB} = {304C87F4-1436-4ED0-B77A-9EB7454D7E30}
	EndGlobalSection
	GlobalSection(ExtensibilityGlobals) = postSolution
		SolutionGuid = {B87F4437-7959-4E96-A567-9F5034BEFF61}
	EndGlobalSection
EndGlobal
